
Microsoft Visual Studio Solution File, Format Version 12.00
# Visual Studio Version 17
VisualStudioVersion = 17.0.31903.59
MinimumVisualStudioVersion = 10.0.40219.1
Project("{FAE04EC0-301F-11D3-BF4B-00C04F79EFBC}") = "lab7_2", "lab7\lab7_2.csproj", "{340998AF-1910-4F8C-81F4-1BE365B5F2F5}"
EndProject
Project("{FAE04EC0-301F-11D3-BF4B-00C04F79EFBC}") = "Lab7_1", "Lb7_2\Lab7_1.csproj", "{EECCC977-DD7F-415E-A6B8-4655B00F38DF}"
EndProject
Global
	GlobalSection(SolutionConfigurationPlatforms) = preSolution
		Debug|Any CPU = Debug|Any CPU
		Release|Any CPU = Release|Any CPU
	EndGlobalSection
	GlobalSection(ProjectConfigurationPlatforms) = postSolution
		{340998AF-1910-4F8C-81F4-1BE365B5F2F5}.Debug|Any CPU.ActiveCfg = Debug|Any CPU
		{340998AF-1910-4F8C-81F4-1BE365B5F2F5}.Debug|Any CPU.Build.0 = Debug|Any CPU
		{340998AF-1910-4F8C-81F4-1BE365B5F2F5}.Release|Any CPU.ActiveCfg = Release|Any CPU
		{340998AF-1910-4F8C-81F4-1BE365B5F2F5}.Release|Any CPU.Build.0 = Release|Any CPU
		{EECCC977-DD7F-415E-A6B8-4655B00F38DF}.Debug|Any CPU.ActiveCfg = Debug|Any CPU
		{EECCC977-DD7F-415E-A6B8-4655B00F38DF}.Debug|Any CPU.Build.0 = Debug|Any CPU
		{EECCC977-DD7F-415E-A6B8-4655B00F38DF}.Release|Any CPU.ActiveCfg = Release|Any CPU
		{EECCC977-DD7F-415E-A6B8-4655B00F38DF}.Release|Any CPU.Build.0 = Release|Any CPU
	EndGlobalSection
	GlobalSection(SolutionProperties) = preSolution
		HideSolutionNode = FALSE
	EndGlobalSection
	GlobalSection(ExtensibilityGlobals) = postSolution
		SolutionGuid = {F8AF67ED-BE38-435A-B26C-DE9599455FA6}
	EndGlobalSection
EndGlobal
